
Microsoft Visual Studio Solution File, Format Version 12.00
# Visual Studio Version 16
VisualStudioVersion = 16.0.30320.27
MinimumVisualStudioVersion = 10.0.40219.1
Project("{FAE04EC0-301F-11D3-BF4B-00C04F79EFBC}") = "SmiteMacroVGS", "SmiteMacroVGS\SmiteMacroVGS.csproj", "{130E08B5-7C85-4605-9CE0-36DD9995DE88}"
EndProject
Global
	GlobalSection(SolutionConfigurationPlatforms) = preSolution
		Debug|Any CPU = Debug|Any CPU
		Release|Any CPU = Release|Any CPU
	EndGlobalSection
	GlobalSection(ProjectConfigurationPlatforms) = postSolution
		{130E08B5-7C85-4605-9CE0-36DD9995DE88}.Debug|Any CPU.ActiveCfg = Debug|Any CPU
		{130E08B5-7C85-4605-9CE0-36DD9995DE88}.Debug|Any CPU.Build.0 = Debug|Any CPU
		{130E08B5-7C85-4605-9CE0-36DD9995DE88}.Release|Any CPU.ActiveCfg = Release|Any CPU
		{130E08B5-7C85-4605-9CE0-36DD9995DE88}.Release|Any CPU.Build.0 = Release|Any CPU
	EndGlobalSection
	GlobalSection(SolutionProperties) = preSolution
		HideSolutionNode = FALSE
	EndGlobalSection
	GlobalSection(ExtensibilityGlobals) = postSolution
		SolutionGuid = {E1A6472D-509D-462C-9DBD-AB1AFA7A7BA3}
	EndGlobalSection
EndGlobal
